
Microsoft Visual Studio Solution File, Format Version 12.00
# Visual Studio Version 17
VisualStudioVersion = 17.4.33110.190
MinimumVisualStudioVersion = 10.0.40219.1
Project("{FAE04EC0-301F-11D3-BF4B-00C04F79EFBC}") = "The_Vigenere_Cipher", "protect_inf_LR1\The_Vigenere_Cipher.csproj", "{5B727DC1-F170-4C3C-B94E-F0851D7BCE30}"
EndProject
Project("{FAE04EC0-301F-11D3-BF4B-00C04F79EFBC}") = "test", "test\test.csproj", "{DE7200D5-F2E9-4A1D-B991-2705B0FEC36B}"
EndProject
Global
	GlobalSection(SolutionConfigurationPlatforms) = preSolution
		Debug|Any CPU = Debug|Any CPU
		Release|Any CPU = Release|Any CPU
	EndGlobalSection
	GlobalSection(ProjectConfigurationPlatforms) = postSolution
		{5B727DC1-F170-4C3C-B94E-F0851D7BCE30}.Debug|Any CPU.ActiveCfg = Debug|Any CPU
		{5B727DC1-F170-4C3C-B94E-F0851D7BCE30}.Debug|Any CPU.Build.0 = Debug|Any CPU
		{5B727DC1-F170-4C3C-B94E-F0851D7BCE30}.Release|Any CPU.ActiveCfg = Release|Any CPU
		{5B727DC1-F170-4C3C-B94E-F0851D7BCE30}.Release|Any CPU.Build.0 = Release|Any CPU
		{DE7200D5-F2E9-4A1D-B991-2705B0FEC36B}.Debug|Any CPU.ActiveCfg = Debug|Any CPU
		{DE7200D5-F2E9-4A1D-B991-2705B0FEC36B}.Debug|Any CPU.Build.0 = Debug|Any CPU
		{DE7200D5-F2E9-4A1D-B991-2705B0FEC36B}.Release|Any CPU.ActiveCfg = Release|Any CPU
		{DE7200D5-F2E9-4A1D-B991-2705B0FEC36B}.Release|Any CPU.Build.0 = Release|Any CPU
	EndGlobalSection
	GlobalSection(SolutionProperties) = preSolution
		HideSolutionNode = FALSE
	EndGlobalSection
	GlobalSection(ExtensibilityGlobals) = postSolution
		SolutionGuid = {C4324E2F-954C-49AF-B30D-071982E75F4D}
	EndGlobalSection
EndGlobal
